
Microsoft Visual Studio Solution File, Format Version 12.00
# Visual Studio Version 16
VisualStudioVersion = 16.0.30907.101
MinimumVisualStudioVersion = 10.0.40219.1
Project("{9A19103F-16F7-4668-BE54-9A1E7A4F7556}") = "CalculadoraDeBoliche", "CalculadoraDeBoliche.csproj", "{1D51BD46-B663-4696-8A79-58513B5CDCEC}"
EndProject
Project("{9A19103F-16F7-4668-BE54-9A1E7A4F7556}") = "CalculadoraDeBolicheTeste", "..\CalculadoraDeBolicheTeste\CalculadoraDeBolicheTeste.csproj", "{012A2D47-B5D8-474B-A419-C8CAB1758A95}"
EndProject
Project("{FAE04EC0-301F-11D3-BF4B-00C04F79EFBC}") = "CalculadoraDeBolicheJogo", "..\CalculadoraDeBolicheJogo\CalculadoraDeBolicheJogo.csproj", "{9802D35B-064F-45FD-BBCC-A036C502D2B5}"
	ProjectSection(ProjectDependencies) = postProject
		{1D51BD46-B663-4696-8A79-58513B5CDCEC} = {1D51BD46-B663-4696-8A79-58513B5CDCEC}
	EndProjectSection
EndProject
Global
	GlobalSection(SolutionConfigurationPlatforms) = preSolution
		Debug|Any CPU = Debug|Any CPU
		Release|Any CPU = Release|Any CPU
	EndGlobalSection
	GlobalSection(ProjectConfigurationPlatforms) = postSolution
		{1D51BD46-B663-4696-8A79-58513B5CDCEC}.Debug|Any CPU.ActiveCfg = Debug|Any CPU
		{1D51BD46-B663-4696-8A79-58513B5CDCEC}.Debug|Any CPU.Build.0 = Debug|Any CPU
		{1D51BD46-B663-4696-8A79-58513B5CDCEC}.Release|Any CPU.ActiveCfg = Release|Any CPU
		{1D51BD46-B663-4696-8A79-58513B5CDCEC}.Release|Any CPU.Build.0 = Release|Any CPU
		{012A2D47-B5D8-474B-A419-C8CAB1758A95}.Debug|Any CPU.ActiveCfg = Debug|Any CPU
		{012A2D47-B5D8-474B-A419-C8CAB1758A95}.Debug|Any CPU.Build.0 = Debug|Any CPU
		{012A2D47-B5D8-474B-A419-C8CAB1758A95}.Release|Any CPU.ActiveCfg = Release|Any CPU
		{012A2D47-B5D8-474B-A419-C8CAB1758A95}.Release|Any CPU.Build.0 = Release|Any CPU
		{9802D35B-064F-45FD-BBCC-A036C502D2B5}.Debug|Any CPU.ActiveCfg = Debug|Any CPU
		{9802D35B-064F-45FD-BBCC-A036C502D2B5}.Debug|Any CPU.Build.0 = Debug|Any CPU
		{9802D35B-064F-45FD-BBCC-A036C502D2B5}.Release|Any CPU.ActiveCfg = Release|Any CPU
		{9802D35B-064F-45FD-BBCC-A036C502D2B5}.Release|Any CPU.Build.0 = Release|Any CPU
	EndGlobalSection
	GlobalSection(SolutionProperties) = preSolution
		HideSolutionNode = FALSE
	EndGlobalSection
	GlobalSection(ExtensibilityGlobals) = postSolution
		SolutionGuid = {AF0C0327-3E94-4404-98C1-3B5834D36AAD}
	EndGlobalSection
EndGlobal
